// !$*UTF8*$!
{
	archiveVersion = 1;
	classes = {
	};
	objectVersion = 50;
	objects = {

/* Begin PBXBuildFile section */
		0BE1056922430C260006E53E /* AppDelegate.swift in Sources */ = {isa = PBXBuildFile; fileRef = 0BE1056822430C260006E53E /* AppDelegate.swift */; };
		0BE1056B22430C260006E53E /* ViewController.swift in Sources */ = {isa = PBXBuildFile; fileRef = 0BE1056A22430C260006E53E /* ViewController.swift */; };
		0BE1056E22430C260006E53E /* Main.storyboard in Resources */ = {isa = PBXBuildFile; fileRef = 0BE1056C22430C260006E53E /* Main.storyboard */; };
		0BE1057022430C400006E53E /* Assets.xcassets in Resources */ = {isa = PBXBuildFile; fileRef = 0BE1056F22430C400006E53E /* Assets.xcassets */; };
		0BE1057322430C400006E53E /* LaunchScreen.storyboard in Resources */ = {isa = PBXBuildFile; fileRef = 0BE1057122430C400006E53E /* LaunchScreen.storyboard */; };
		0BE1057E22430C400006E53E /* ZooAppTests.swift in Sources */ = {isa = PBXBuildFile; fileRef = 0BE1057D22430C400006E53E /* ZooAppTests.swift */; };
		0BE1058922430C400006E53E /* ZooAppUITests.swift in Sources */ = {isa = PBXBuildFile; fileRef = 0BE1058822430C400006E53E /* ZooAppUITests.swift */; };
		0BE2D3E422433F7500E68F48 /* TVCAnimal.swift in Sources */ = {isa = PBXBuildFile; fileRef = 0BE2D3E322433F7500E68F48 /* TVCAnimal.swift */; };
		0BE2D3E62243433000E68F48 /* Animal.swift in Sources */ = {isa = PBXBuildFile; fileRef = 0BE2D3E52243433000E68F48 /* Animal.swift */; };
/* End PBXBuildFile section */

/* Begin PBXContainerItemProxy section */
		0BE1057A22430C400006E53E /* PBXContainerItemProxy */ = {
			isa = PBXContainerItemProxy;
			containerPortal = 0BE1055D22430C260006E53E /* Project object */;
			proxyType = 1;
			remoteGlobalIDString = 0BE1056422430C260006E53E;
			remoteInfo = ZooApp;
		};
		0BE1058522430C400006E53E /* PBXContainerItemProxy */ = {
			isa = PBXContainerItemProxy;
			containerPortal = 0BE1055D22430C260006E53E /* Project object */;
			proxyType = 1;
			remoteGlobalIDString = 0BE1056422430C260006E53E;
			remoteInfo = ZooApp;
		};
/* End PBXContainerItemProxy section */

/* Begin PBXFileReference section */
		0BE1056522430C260006E53E /* ZooApp.app */ = {isa = PBXFileReference; explicitFileType = wrapper.application; includeInIndex = 0; path = ZooApp.app; sourceTree = BUILT_PRODUCTS_DIR; };
		0BE1056822430C260006E53E /* AppDelegate.swift */ = {isa = PBXFileReference; lastKnownFileType = sourcecode.swift; path = AppDelegate.swift; sourceTree = "<group>"; };
		0BE1056A22430C260006E53E /* ViewController.swift */ = {isa = PBXFileReference; lastKnownFileType = sourcecode.swift; path = ViewController.swift; sourceTree = "<group>"; };
		0BE1056D22430C260006E53E /* Base */ = {isa = PBXFileReference; lastKnownFileType = file.storyboard; name = Base; path = Base.lproj/Main.storyboard; sourceTree = "<group>"; };
		0BE1056F22430C400006E53E /* Assets.xcassets */ = {isa = PBXFileReference; lastKnownFileType = folder.assetcatalog; path = Assets.xcassets; sourceTree = "<group>"; };
		0BE1057222430C400006E53E /* Base */ = {isa = PBXFileReference; lastKnownFileType = file.storyboard; name = Base; path = Base.lproj/LaunchScreen.storyboard; sourceTree = "<group>"; };
		0BE1057422430C400006E53E /* Info.plist */ = {isa = PBXFileReference; lastKnownFileType = text.plist.xml; path = Info.plist; sourceTree = "<group>"; };
		0BE1057922430C400006E53E /* ZooAppTests.xctest */ = {isa = PBXFileReference; explicitFileType = wrapper.cfbundle; includeInIndex = 0; path = ZooAppTests.xctest; sourceTree = BUILT_PRODUCTS_DIR; };
		0BE1057D22430C400006E53E /* ZooAppTests.swift */ = {isa = PBXFileReference; lastKnownFileType = sourcecode.swift; path = ZooAppTests.swift; sourceTree = "<group>"; };
		0BE1057F22430C400006E53E /* Info.plist */ = {isa = PBXFileReference; lastKnownFileType = text.plist.xml; path = Info.plist; sourceTree = "<group>"; };
		0BE1058422430C400006E53E /* ZooAppUITests.xctest */ = {isa = PBXFileReference; explicitFileType = wrapper.cfbundle; includeInIndex = 0; path = ZooAppUITests.xctest; sourceTree = BUILT_PRODUCTS_DIR; };
		0BE1058822430C400006E53E /* ZooAppUITests.swift */ = {isa = PBXFileReference; lastKnownFileType = sourcecode.swift; path = ZooAppUITests.swift; sourceTree = "<group>"; };
		0BE1058A22430C400006E53E /* Info.plist */ = {isa = PBXFileReference; lastKnownFileType = text.plist.xml; path = Info.plist; sourceTree = "<group>"; };
		0BE2D3E322433F7500E68F48 /* TVCAnimal.swift */ = {isa = PBXFileReference; lastKnownFileType = sourcecode.swift; path = TVCAnimal.swift; sourceTree = "<group>"; };
		0BE2D3E52243433000E68F48 /* Animal.swift */ = {isa = PBXFileReference; lastKnownFileType = sourcecode.swift; path = Animal.swift; sourceTree = "<group>"; };
/* End PBXFileReference section */

/* Begin PBXFrameworksBuildPhase section */
		0BE1056222430C260006E53E /* Frameworks */ = {
			isa = PBXFrameworksBuildPhase;
			buildActionMask = 2147483647;
			files = (
			);
			runOnlyForDeploymentPostprocessing = 0;
		};
		0BE1057622430C400006E53E /* Frameworks */ = {
			isa = PBXFrameworksBuildPhase;
			buildActionMask = 2147483647;
			files = (
			);
			runOnlyForDeploymentPostprocessing = 0;
		};
		0BE1058122430C400006E53E /* Frameworks */ = {
			isa = PBXFrameworksBuildPhase;
			buildActionMask = 2147483647;
			files = (
			);
			runOnlyForDeploymentPostprocessing = 0;
		};
/* End PBXFrameworksBuildPhase section */

/* Begin PBXGroup section */
		0BE1055C22430C260006E53E = {
			isa = PBXGroup;
			children = (
				0BE1056722430C260006E53E /* ZooApp */,
				0BE1057C22430C400006E53E /* ZooAppTests */,
				0BE1058722430C400006E53E /* ZooAppUITests */,
				0BE1056622430C260006E53E /* Products */,
			);
			sourceTree = "<group>";
		};
		0BE1056622430C260006E53E /* Products */ = {
			isa = PBXGroup;
			children = (
				0BE1056522430C260006E53E /* ZooApp.app */,
				0BE1057922430C400006E53E /* ZooAppTests.xctest */,
				0BE1058422430C400006E53E /* ZooAppUITests.xctest */,
			);
			name = Products;
			sourceTree = "<group>";
		};
		0BE1056722430C260006E53E /* ZooApp */ = {
			isa = PBXGroup;
			children = (
				0BE1056822430C260006E53E /* AppDelegate.swift */,
				0BE1056A22430C260006E53E /* ViewController.swift */,
				0BE1056C22430C260006E53E /* Main.storyboard */,
				0BE2D3E52243433000E68F48 /* Animal.swift */,
				0BE2D3E322433F7500E68F48 /* TVCAnimal.swift */,
				0BE1056F22430C400006E53E /* Assets.xcassets */,
				0BE1057122430C400006E53E /* LaunchScreen.storyboard */,
				0BE1057422430C400006E53E /* Info.plist */,
			);
			path = ZooApp;
			sourceTree = "<group>";
		};
		0BE1057C22430C400006E53E /* ZooAppTests */ = {
			isa = PBXGroup;
			children = (
				0BE1057D22430C400006E53E /* ZooAppTests.swift */,
				0BE1057F22430C400006E53E /* Info.plist */,
			);
			path = ZooAppTests;
			sourceTree = "<group>";
		};
		0BE1058722430C400006E53E /* ZooAppUITests */ = {
			isa = PBXGroup;
			children = (
				0BE1058822430C400006E53E /* ZooAppUITests.swift */,
				0BE1058A22430C400006E53E /* Info.plist */,
			);
			path = ZooAppUITests;
			sourceTree = "<group>";
		};
/* End PBXGroup section */

/* Begin PBXNativeTarget section */
		0BE1056422430C260006E53E /* ZooApp */ = {
			isa = PBXNativeTarget;
			buildConfigurationList = 0BE1058D22430C400006E53E /* Build configuration list for PBXNativeTarget "ZooApp" */;
			buildPhases = (
				0BE1056122430C260006E53E /* Sources */,
				0BE1056222430C260006E53E /* Frameworks */,
				0BE1056322430C260006E53E /* Resources */,
			);
			buildRules = (
			);
			dependencies = (
			);
			name = ZooApp;
			productName = ZooApp;
			productReference = 0BE1056522430C260006E53E /* ZooApp.app */;
			productType = "com.apple.product-type.application";
		};
		0BE1057822430C400006E53E /* ZooAppTests */ = {
			isa = PBXNativeTarget;
			buildConfigurationList = 0BE1059022430C400006E53E /* Build configuration list for PBXNativeTarget "ZooAppTests" */;
			buildPhases = (
				0BE1057522430C400006E53E /* Sources */,
				0BE1057622430C400006E53E /* Frameworks */,
				0BE1057722430C400006E53E /* Resources */,
			);
			buildRules = (
			);
			dependencies = (
				0BE1057B22430C400006E53E /* PBXTargetDependency */,
			);
			name = ZooAppTests;
			productName = ZooAppTests;
			productReference = 0BE1057922430C400006E53E /* ZooAppTests.xctest */;
			productType = "com.apple.product-type.bundle.unit-test";
		};
		0BE1058322430C400006E53E /* ZooAppUITests */ = {
			isa = PBXNativeTarget;
			buildConfigurationList = 0BE1059322430C400006E53E /* Build configuration list for PBXNativeTarget "ZooAppUITests" */;
			buildPhases = (
				0BE1058022430C400006E53E /* Sources */,
				0BE1058122430C400006E53E /* Frameworks */,
				0BE1058222430C400006E53E /* Resources */,
			);
			buildRules = (
			);
			dependencies = (
				0BE1058622430C400006E53E /* PBXTargetDependency */,
			);
			name = ZooAppUITests;
			productName = ZooAppUITests;
			productReference = 0BE1058422430C400006E53E /* ZooAppUITests.xctest */;
			productType = "com.apple.product-type.bundle.ui-testing";
		};
/* End PBXNativeTarget section */

/* Begin PBXProject section */
		0BE1055D22430C260006E53E /* Project object */ = {
			isa = PBXProject;
			attributes = {
				LastSwiftUpdateCheck = 1000;
				LastUpgradeCheck = 1000;
				ORGANIZATIONNAME = Francisco;
				TargetAttributes = {
					0BE1056422430C260006E53E = {
						CreatedOnToolsVersion = 10.0;
					};
					0BE1057822430C400006E53E = {
						CreatedOnToolsVersion = 10.0;
						TestTargetID = 0BE1056422430C260006E53E;
					};
					0BE1058322430C400006E53E = {
						CreatedOnToolsVersion = 10.0;
						TestTargetID = 0BE1056422430C260006E53E;
					};
				};
			};
			buildConfigurationList = 0BE1056022430C260006E53E /* Build configuration list for PBXProject "ZooApp" */;
			compatibilityVersion = "Xcode 9.3";
			developmentRegion = en;
			hasScannedForEncodings = 0;
			knownRegions = (
				en,
				Base,
			);
			mainGroup = 0BE1055C22430C260006E53E;
			productRefGroup = 0BE1056622430C260006E53E /* Products */;
			projectDirPath = "";
			projectRoot = "";
			targets = (
				0BE1056422430C260006E53E /* ZooApp */,
				0BE1057822430C400006E53E /* ZooAppTests */,
				0BE1058322430C400006E53E /* ZooAppUITests */,
			);
		};
/* End PBXProject section */

/* Begin PBXResourcesBuildPhase section */
		0BE1056322430C260006E53E /* Resources */ = {
			isa = PBXResourcesBuildPhase;
			buildActionMask = 2147483647;
			files = (
				0BE1057322430C400006E53E /* LaunchScreen.storyboard in Resources */,
				0BE1057022430C400006E53E /* Assets.xcassets in Resources */,
				0BE1056E22430C260006E53E /* Main.storyboard in Resources */,
			);
			runOnlyForDeploymentPostprocessing = 0;
		};
		0BE1057722430C400006E53E /* Resources */ = {
			isa = PBXResourcesBuildPhase;
			buildActionMask = 2147483647;
			files = (
			);
			runOnlyForDeploymentPostprocessing = 0;
		};
		0BE1058222430C400006E53E /* Resources */ = {
			isa = PBXResourcesBuildPhase;
			buildActionMask = 2147483647;
			files = (
			);
			runOnlyForDeploymentPostprocessing = 0;
		};
/* End PBXResourcesBuildPhase section */

/* Begin PBXSourcesBuildPhase section */
		0BE1056122430C260006E53E /* Sources */ = {
			isa = PBXSourcesBuildPhase;
			buildActionMask = 2147483647;
			files = (
				0BE2D3E422433F7500E68F48 /* TVCAnimal.swift in Sources */,
				0BE2D3E62243433000E68F48 /* Animal.swift in Sources */,
				0BE1056B22430C260006E53E /* ViewController.swift in Sources */,
				0BE1056922430C260006E53E /* AppDelegate.swift in Sources */,
			);
			runOnlyForDeploymentPostprocessing = 0;
		};
		0BE1057522430C400006E53E /* Sources */ = {
			isa = PBXSourcesBuildPhase;
			buildActionMask = 2147483647;
			files = (
				0BE1057E22430C400006E53E /* ZooAppTests.swift in Sources */,
			);
			runOnlyForDeploymentPostprocessing = 0;
		};
		0BE1058022430C400006E53E /* Sources */ = {
			isa = PBXSourcesBuildPhase;
			buildActionMask = 2147483647;
			files = (
				0BE1058922430C400006E53E /* ZooAppUITests.swift in Sources */,
			);
			runOnlyForDeploymentPostprocessing = 0;
		};
/* End PBXSourcesBuildPhase section */

/* Begin PBXTargetDependency section */
		0BE1057B22430C400006E53E /* PBXTargetDependency */ = {
			isa = PBXTargetDependency;
			target = 0BE1056422430C260006E53E /* ZooApp */;
			targetProxy = 0BE1057A22430C400006E53E /* PBXContainerItemProxy */;
		};
		0BE1058622430C400006E53E /* PBXTargetDependency */ = {
			isa = PBXTargetDependency;
			target = 0BE1056422430C260006E53E /* ZooApp */;
			targetProxy = 0BE1058522430C400006E53E /* PBXContainerItemProxy */;
		};
/* End PBXTargetDependency section */

/* Begin PBXVariantGroup section */
		0BE1056C22430C260006E53E /* Main.storyboard */ = {
			isa = PBXVariantGroup;
			children = (
				0BE1056D22430C260006E53E /* Base */,
			);
			name = Main.storyboard;
			sourceTree = "<group>";
		};
		0BE1057122430C400006E53E /* LaunchScreen.storyboard */ = {
			isa = PBXVariantGroup;
			children = (
				0BE1057222430C400006E53E /* Base */,
			);
			name = LaunchScreen.storyboard;
			sourceTree = "<group>";
		};
/* End PBXVariantGroup section */

/* Begin XCBuildConfiguration section */
		0BE1058B22430C400006E53E /* Debug */ = {
			isa = XCBuildConfiguration;
			buildSettings = {
				ALWAYS_SEARCH_USER_PATHS = NO;
				CLANG_ANALYZER_NONNULL = YES;
				CLANG_ANALYZER_NUMBER_OBJECT_CONVERSION = YES_AGGRESSIVE;
				CLANG_CXX_LANGUAGE_STANDARD = "gnu++14";
				CLANG_CXX_LIBRARY = "libc++";
				CLANG_ENABLE_MODULES = YES;
				CLANG_ENABLE_OBJC_ARC = YES;
				CLANG_ENABLE_OBJC_WEAK = YES;
				CLANG_WARN_BLOCK_CAPTURE_AUTORELEASING = YES;
				CLANG_WARN_BOOL_CONVERSION = YES;
				CLANG_WARN_COMMA = YES;
				CLANG_WARN_CONSTANT_CONVERSION = YES;
				CLANG_WARN_DEPRECATED_OBJC_IMPLEMENTATIONS = YES;
				CLANG_WARN_DIRECT_OBJC_ISA_USAGE = YES_ERROR;
				CLANG_WARN_DOCUMENTATION_COMMENTS = YES;
				CLANG_WARN_EMPTY_BODY = YES;
				CLANG_WARN_ENUM_CONVERSION = YES;
				CLANG_WARN_INFINITE_RECURSION = YES;
				CLANG_WARN_INT_CONVERSION = YES;
				CLANG_WARN_NON_LITERAL_NULL_CONVERSION = YES;
				CLANG_WARN_OBJC_IMPLICIT_RETAIN_SELF = YES;
				CLANG_WARN_OBJC_LITERAL_CONVERSION = YES;
				CLANG_WARN_OBJC_ROOT_CLASS = YES_ERROR;
				CLANG_WARN_RANGE_LOOP_ANALYSIS = YES;
				CLANG_WARN_STRICT_PROTOTYPES = YES;
				CLANG_WARN_SUSPICIOUS_MOVE = YES;
				CLANG_WARN_UNGUARDED_AVAILABILITY = YES_AGGRESSIVE;
				CLANG_WARN_UNREACHABLE_CODE = YES;
				CLANG_WARN__DUPLICATE_METHOD_MATCH = YES;
				CODE_SIGN_IDENTITY = "iPhone Developer";
				COPY_PHASE_STRIP = NO;
				DEBUG_INFORMATION_FORMAT = dwarf;
				ENABLE_STRICT_OBJC_MSGSEND = YES;
				ENABLE_TESTABILITY = YES;
				GCC_C_LANGUAGE_STANDARD = gnu11;
				GCC_DYNAMIC_NO_PIC = NO;
				GCC_NO_COMMON_BLOCKS = YES;
				GCC_OPTIMIZATION_LEVEL = 0;
				GCC_PREPROCESSOR_DEFINITIONS = (
					"DEBUG=1",
					"$(inherited)",
				);
				GCC_WARN_64_TO_32_BIT_CONVERSION = YES;
				GCC_WARN_ABOUT_RETURN_TYPE = YES_ERROR;
				GCC_WARN_UNDECLARED_SELECTOR = YES;
				GCC_WARN_UNINITIALIZED_AUTOS = YES_AGGRESSIVE;
				GCC_WARN_UNUSED_FUNCTION = YES;
				GCC_WARN_UNUSED_VARIABLE = YES;
				IPHONEOS_DEPLOYMENT_TARGET = 12.0;
				MTL_ENABLE_DEBUG_INFO = INCLUDE_SOURCE;
				MTL_FAST_MATH = YES;
				ONLY_ACTIVE_ARCH = YES;
				SDKROOT = iphoneos;
				SWIFT_ACTIVE_COMPILATION_CONDITIONS = DEBUG;
				SWIFT_OPTIMIZATION_LEVEL = "-Onone";
			};
			name = Debug;
		};
		0BE1058C22430C400006E53E /* Release */ = {
			isa = XCBuildConfiguration;
			buildSettings = {
				ALWAYS_SEARCH_USER_PATHS = NO;
				CLANG_ANALYZER_NONNULL = YES;
				CLANG_ANALYZER_NUMBER_OBJECT_CONVERSION = YES_AGGRESSIVE;
				CLANG_CXX_LANGUAGE_STANDARD = "gnu++14";
				CLANG_CXX_LIBRARY = "libc++";
				CLANG_ENABLE_MODULES = YES;
				CLANG_ENABLE_OBJC_ARC = YES;
				CLANG_ENABLE_OBJC_WEAK = YES;
				CLANG_WARN_BLOCK_CAPTURE_AUTORELEASING = YES;
				CLANG_WARN_BOOL_CONVERSION = YES;
				CLANG_WARN_COMMA = YES;
				CLANG_WARN_CONSTANT_CONVERSION = YES;
				CLANG_WARN_DEPRECATED_OBJC_IMPLEMENTATIONS = YES;
				CLANG_WARN_DIRECT_OBJC_ISA_USAGE = YES_ERROR;
				CLANG_WARN_DOCUMENTATION_COMMENTS = YES;
				CLANG_WARN_EMPTY_BODY = YES;
				CLANG_WARN_ENUM_CONVERSION = YES;
				CLANG_WARN_INFINITE_RECURSION = YES;
				CLANG_WARN_INT_CONVERSION = YES;
				CLANG_WARN_NON_LITERAL_NULL_CONVERSION = YES;
				CLANG_WARN_OBJC_IMPLICIT_RETAIN_SELF = YES;
				CLANG_WARN_OBJC_LITERAL_CONVERSION = YES;
				CLANG_WARN_OBJC_ROOT_CLASS = YES_ERROR;
				CLANG_WARN_RANGE_LOOP_ANALYSIS = YES;
				CLANG_WARN_STRICT_PROTOTYPES = YES;
				CLANG_WARN_SUSPICIOUS_MOVE = YES;
				CLANG_WARN_UNGUARDED_AVAILABILITY = YES_AGGRESSIVE;
				CLANG_WARN_UNREACHABLE_CODE = YES;
				CLANG_WARN__DUPLICATE_METHOD_MATCH = YES;
				CODE_SIGN_IDENTITY = "iPhone Developer";
				COPY_PHASE_STRIP = NO;
				DEBUG_INFORMATION_FORMAT = "dwarf-with-dsym";
				ENABLE_NS_ASSERTIONS = NO;
				ENABLE_STRICT_OBJC_MSGSEND = YES;
				GCC_C_LANGUAGE_STANDARD = gnu11;
				GCC_NO_COMMON_BLOCKS = YES;
				GCC_WARN_64_TO_32_BIT_CONVERSION = YES;
				GCC_WARN_ABOUT_RETURN_TYPE = YES_ERROR;
				GCC_WARN_UNDECLARED_SELECTOR = YES;
				GCC_WARN_UNINITIALIZED_AUTOS = YES_AGGRESSIVE;
				GCC_WARN_UNUSED_FUNCTION = YES;
				GCC_WARN_UNUSED_VARIABLE = YES;
				IPHONEOS_DEPLOYMENT_TARGET = 12.0;
				MTL_ENABLE_DEBUG_INFO = NO;
				MTL_FAST_MATH = YES;
				SDKROOT = iphoneos;
				SWIFT_COMPILATION_MODE = wholemodule;
				SWIFT_OPTIMIZATION_LEVEL = "-O";
				VALIDATE_PRODUCT = YES;
			};
			name = Release;
		};
		0BE1058E22430C400006E53E /* Debug */ = {
			isa = XCBuildConfiguration;
			buildSettings = {
				ASSETCATALOG_COMPILER_APPICON_NAME = AppIcon;
				CODE_SIGN_STYLE = Automatic;
				INFOPLIST_FILE = ZooApp/Info.plist;
				LD_RUNPATH_SEARCH_PATHS = (
					"$(inherited)",
					"@executable_path/Frameworks",
				);
				PRODUCT_BUNDLE_IDENTIFIER = francisco.ZooApp;
				PRODUCT_NAME = "$(TARGET_NAME)";
				SWIFT_VERSION = 4.2;
				TARGETED_DEVICE_FAMILY = "1,2";
			};
			name = Debug;
		};
		0BE1058F22430C400006E53E /* Release */ = {
			isa = XCBuildConfiguration;
			buildSettings = {
				ASSETCATALOG_COMPILER_APPICON_NAME = AppIcon;
				CODE_SIGN_STYLE = Automatic;
				INFOPLIST_FILE = ZooApp/Info.plist;
				LD_RUNPATH_SEARCH_PATHS = (
					"$(inherited)",
					"@executable_path/Frameworks",
				);
				PRODUCT_BUNDLE_IDENTIFIER = francisco.ZooApp;
				PRODUCT_NAME = "$(TARGET_NAME)";
				SWIFT_VERSION = 4.2;
				TARGETED_DEVICE_FAMILY = "1,2";
			};
			name = Release;
		};
		0BE1059122430C400006E53E /* Debug */ = {
			isa = XCBuildConfiguration;
			buildSettings = {
				ALWAYS_EMBED_SWIFT_STANDARD_LIBRARIES = YES;
				BUNDLE_LOADER = "$(TEST_HOST)";
				CODE_SIGN_STYLE = Automatic;
				INFOPLIST_FILE = ZooAppTests/Info.plist;
				LD_RUNPATH_SEARCH_PATHS = (
					"$(inherited)",
					"@executable_path/Frameworks",
					"@loader_path/Frameworks",
				);
				PRODUCT_BUNDLE_IDENTIFIER = francisco.ZooAppTests;
				PRODUCT_NAME = "$(TARGET_NAME)";
				SWIFT_VERSION = 4.2;
				TARGETED_DEVICE_FAMILY = "1,2";
				TEST_HOST = "$(BUILT_PRODUCTS_DIR)/ZooApp.app/ZooApp";
			};
			name = Debug;
		};
		0BE1059222430C400006E53E /* Release */ = {
			isa = XCBuildConfiguration;
			buildSettings = {
				ALWAYS_EMBED_SWIFT_STANDARD_LIBRARIES = YES;
				BUNDLE_LOADER = "$(TEST_HOST)";
				CODE_SIGN_STYLE = Automatic;
				INFOPLIST_FILE = ZooAppTests/Info.plist;
				LD_RUNPATH_SEARCH_PATHS = (
					"$(inherited)",
					"@executable_path/Frameworks",
					"@loader_path/Frameworks",
				);
				PRODUCT_BUNDLE_IDENTIFIER = francisco.ZooAppTests;
				PRODUCT_NAME = "$(TARGET_NAME)";
				SWIFT_VERSION = 4.2;
				TARGETED_DEVICE_FAMILY = "1,2";
				TEST_HOST = "$(BUILT_PRODUCTS_DIR)/ZooApp.app/ZooApp";
			};
			name = Release;
		};
		0BE1059422430C400006E53E /* Debug */ = {
			isa = XCBuildConfiguration;
			buildSettings = {
				ALWAYS_EMBED_SWIFT_STANDARD_LIBRARIES = YES;
				CODE_SIGN_STYLE = Automatic;
				INFOPLIST_FILE = ZooAppUITests/Info.plist;
				LD_RUNPATH_SEARCH_PATHS = (
					"$(inherited)",
					"@executable_path/Frameworks",
					"@loader_path/Frameworks",
				);
				PRODUCT_BUNDLE_IDENTIFIER = francisco.ZooAppUITests;
				PRODUCT_NAME = "$(TARGET_NAME)";
				SWIFT_VERSION = 4.2;
				TARGETED_DEVICE_FAMILY = "1,2";
				TEST_TARGET_NAME = ZooApp;
			};
			name = Debug;
		};
		0BE1059522430C400006E53E /* Release */ = {
			isa = XCBuildConfiguration;
			buildSettings = {
				ALWAYS_EMBED_SWIFT_STANDARD_LIBRARIES = YES;
				CODE_SIGN_STYLE = Automatic;
				INFOPLIST_FILE = ZooAppUITests/Info.plist;
				LD_RUNPATH_SEARCH_PATHS = (
					"$(inherited)",
					"@executable_path/Frameworks",
					"@loader_path/Frameworks",
				);
				PRODUCT_BUNDLE_IDENTIFIER = francisco.ZooAppUITests;
				PRODUCT_NAME = "$(TARGET_NAME)";
				SWIFT_VERSION = 4.2;
				TARGETED_DEVICE_FAMILY = "1,2";
				TEST_TARGET_NAME = ZooApp;
			};
			name = Release;
		};
/* End XCBuildConfiguration section */

/* Begin XCConfigurationList section */
		0BE1056022430C260006E53E /* Build configuration list for PBXProject "ZooApp" */ = {
			isa = XCConfigurationList;
			buildConfigurations = (
				0BE1058B22430C400006E53E /* Debug */,
				0BE1058C22430C400006E53E /* Release */,
			);
			defaultConfigurationIsVisible = 0;
			defaultConfigurationName = Release;
		};
		0BE1058D22430C400006E53E /* Build configuration list for PBXNativeTarget "ZooApp" */ = {
			isa = XCConfigurationList;
			buildConfigurations = (
				0BE1058E22430C400006E53E /* Debug */,
				0BE1058F22430C400006E53E /* Release */,
			);
			defaultConfigurationIsVisible = 0;
			defaultConfigurationName = Release;
		};
		0BE1059022430C400006E53E /* Build configuration list for PBXNativeTarget "ZooAppTests" */ = {
			isa = XCConfigurationList;
			buildConfigurations = (
				0BE1059122430C400006E53E /* Debug */,
				0BE1059222430C400006E53E /* Release */,
			);
			defaultConfigurationIsVisible = 0;
			defaultConfigurationName = Release;
		};
		0BE1059322430C400006E53E /* Build configuration list for PBXNativeTarget "ZooAppUITests" */ = {
			isa = XCConfigurationList;
			buildConfigurations = (
				0BE1059422430C400006E53E /* Debug */,
				0BE1059522430C400006E53E /* Release */,
			);
			defaultConfigurationIsVisible = 0;
			defaultConfigurationName = Release;
		};
/* End XCConfigurationList section */
	};
	rootObject = 0BE1055D22430C260006E53E /* Project object */;
}
